
Microsoft Visual Studio Solution File, Format Version 12.00
# Visual Studio Version 17
VisualStudioVersion = 17.4.33205.214
MinimumVisualStudioVersion = 10.0.40219.1
Project("{9A19103F-16F7-4668-BE54-9A1E7A4F7556}") = "Freelance_VideoTransmissionApp", "Freelance_VideoTransmissionApp.csproj", "{5F4634C4-2F0C-4DBD-B687-C18DBA64023E}"
EndProject
Global
	GlobalSection(SolutionConfigurationPlatforms) = preSolution
		Debug|Any CPU = Debug|Any CPU
		Release|Any CPU = Release|Any CPU
	EndGlobalSection
	GlobalSection(ProjectConfigurationPlatforms) = postSolution
		{5F4634C4-2F0C-4DBD-B687-C18DBA64023E}.Debug|Any CPU.ActiveCfg = Debug|Any CPU
		{5F4634C4-2F0C-4DBD-B687-C18DBA64023E}.Debug|Any CPU.Build.0 = Debug|Any CPU
		{5F4634C4-2F0C-4DBD-B687-C18DBA64023E}.Release|Any CPU.ActiveCfg = Release|Any CPU
		{5F4634C4-2F0C-4DBD-B687-C18DBA64023E}.Release|Any CPU.Build.0 = Release|Any CPU
	EndGlobalSection
	GlobalSection(SolutionProperties) = preSolution
		HideSolutionNode = FALSE
	EndGlobalSection
	GlobalSection(ExtensibilityGlobals) = postSolution
		SolutionGuid = {927CA706-E1FD-4C73-912E-A3E98DAF6064}
	EndGlobalSection
EndGlobal
